Microsoft Visual Studio Solution File, Format Version 12.00
# 
Project("{2150E333-8FDC-42A3-9474-1A3956D46DE8}") = "src", "src", "{23F1C696-CCA3-4F58-B19B-3389A999AF61}"
EndProject
Project("{2150E333-8FDC-42A3-9474-1A3956D46DE8}") = "test", "test", "{29CDD88F-2C9A-477A-8707-ED1D01F0F5CA}"
EndProject
Project("{FAE04EC0-301F-11D3-BF4B-00C04F79EFBC}") = "Data", "src\Data\Data.csproj", "{64716F9D-232B-4851-8BF7-8E4B852806DD}"
EndProject
Project("{FAE04EC0-301F-11D3-BF4B-00C04F79EFBC}") = "UnitTests", "test\UnitTests\UnitTests.csproj", "{22927F93-6B61-4245-88B8-7D3B57F6FCE4}"
EndProject
Project("{FAE04EC0-301F-11D3-BF4B-00C04F79EFBC}") = "Manager", "src\Manager\Manager.csproj", "{0CAB50DE-6E23-408E-80CE-A5090E5C2CFE}"
EndProject
Project("{FAE04EC0-301F-11D3-BF4B-00C04F79EFBC}") = "EndToEnd", "test\EndToEnd\EndToEnd.csproj", "{EDCEFE44-1D66-41B5-BEAA-3A6F743EF817}"
EndProject
Global
	GlobalSection(SolutionConfigurationPlatforms) = preSolution
		Debug|Any CPU = Debug|Any CPU
		Release|Any CPU = Release|Any CPU
	EndGlobalSection
	GlobalSection(NestedProjects) = preSolution
		{64716F9D-232B-4851-8BF7-8E4B852806DD} = {23F1C696-CCA3-4F58-B19B-3389A999AF61}
		{22927F93-6B61-4245-88B8-7D3B57F6FCE4} = {29CDD88F-2C9A-477A-8707-ED1D01F0F5CA}
		{0CAB50DE-6E23-408E-80CE-A5090E5C2CFE} = {23F1C696-CCA3-4F58-B19B-3389A999AF61}
		{EDCEFE44-1D66-41B5-BEAA-3A6F743EF817} = {29CDD88F-2C9A-477A-8707-ED1D01F0F5CA}
	EndGlobalSection
	GlobalSection(ProjectConfigurationPlatforms) = postSolution
		{64716F9D-232B-4851-8BF7-8E4B852806DD}.Debug|Any CPU.ActiveCfg = Debug|Any CPU
		{64716F9D-232B-4851-8BF7-8E4B852806DD}.Debug|Any CPU.Build.0 = Debug|Any CPU
		{64716F9D-232B-4851-8BF7-8E4B852806DD}.Release|Any CPU.ActiveCfg = Release|Any CPU
		{64716F9D-232B-4851-8BF7-8E4B852806DD}.Release|Any CPU.Build.0 = Release|Any CPU
		{22927F93-6B61-4245-88B8-7D3B57F6FCE4}.Debug|Any CPU.ActiveCfg = Debug|Any CPU
		{22927F93-6B61-4245-88B8-7D3B57F6FCE4}.Debug|Any CPU.Build.0 = Debug|Any CPU
		{22927F93-6B61-4245-88B8-7D3B57F6FCE4}.Release|Any CPU.ActiveCfg = Release|Any CPU
		{22927F93-6B61-4245-88B8-7D3B57F6FCE4}.Release|Any CPU.Build.0 = Release|Any CPU
		{0CAB50DE-6E23-408E-80CE-A5090E5C2CFE}.Debug|Any CPU.ActiveCfg = Debug|Any CPU
		{0CAB50DE-6E23-408E-80CE-A5090E5C2CFE}.Debug|Any CPU.Build.0 = Debug|Any CPU
		{0CAB50DE-6E23-408E-80CE-A5090E5C2CFE}.Release|Any CPU.ActiveCfg = Release|Any CPU
		{0CAB50DE-6E23-408E-80CE-A5090E5C2CFE}.Release|Any CPU.Build.0 = Release|Any CPU
		{EDCEFE44-1D66-41B5-BEAA-3A6F743EF817}.Debug|Any CPU.ActiveCfg = Debug|Any CPU
		{EDCEFE44-1D66-41B5-BEAA-3A6F743EF817}.Debug|Any CPU.Build.0 = Debug|Any CPU
		{EDCEFE44-1D66-41B5-BEAA-3A6F743EF817}.Release|Any CPU.ActiveCfg = Release|Any CPU
		{EDCEFE44-1D66-41B5-BEAA-3A6F743EF817}.Release|Any CPU.Build.0 = Release|Any CPU
	EndGlobalSection
EndGlobal
